
Microsoft Visual Studio Solution File, Format Version 12.00
# Visual Studio Version 16
VisualStudioVersion = 16.0.29920.165
MinimumVisualStudioVersion = 10.0.40219.1
Project("{FAE04EC0-301F-11D3-BF4B-00C04F79EFBC}") = "ProTrackerTools", "PTSerializer\ProTrackerTools.csproj", "{9E347BB4-05D8-4A2D-98C3-10C11093D565}"
EndProject
Project("{FAE04EC0-301F-11D3-BF4B-00C04F79EFBC}") = "PTSerializerTest", "PTSerializerTest\PTSerializerTest.csproj", "{FA54A5D2-49EA-4471-A7C0-48FCB6C74055}"
EndProject
Project("{FAE04EC0-301F-11D3-BF4B-00C04F79EFBC}") = "OptiMod", "OptiMod\OptiMod.csproj", "{BFD023FC-DE71-424E-9EDE-572328FAD153}"
EndProject
Global
	GlobalSection(SolutionConfigurationPlatforms) = preSolution
		Debug|Any CPU = Debug|Any CPU
		Release|Any CPU = Release|Any CPU
	EndGlobalSection
	GlobalSection(ProjectConfigurationPlatforms) = postSolution
		{9E347BB4-05D8-4A2D-98C3-10C11093D565}.Debug|Any CPU.ActiveCfg = Debug|Any CPU
		{9E347BB4-05D8-4A2D-98C3-10C11093D565}.Debug|Any CPU.Build.0 = Debug|Any CPU
		{9E347BB4-05D8-4A2D-98C3-10C11093D565}.Release|Any CPU.ActiveCfg = Release|Any CPU
		{9E347BB4-05D8-4A2D-98C3-10C11093D565}.Release|Any CPU.Build.0 = Release|Any CPU
		{FA54A5D2-49EA-4471-A7C0-48FCB6C74055}.Debug|Any CPU.ActiveCfg = Debug|Any CPU
		{FA54A5D2-49EA-4471-A7C0-48FCB6C74055}.Debug|Any CPU.Build.0 = Debug|Any CPU
		{FA54A5D2-49EA-4471-A7C0-48FCB6C74055}.Release|Any CPU.ActiveCfg = Release|Any CPU
		{FA54A5D2-49EA-4471-A7C0-48FCB6C74055}.Release|Any CPU.Build.0 = Release|Any CPU
		{BFD023FC-DE71-424E-9EDE-572328FAD153}.Debug|Any CPU.ActiveCfg = Debug|Any CPU
		{BFD023FC-DE71-424E-9EDE-572328FAD153}.Debug|Any CPU.Build.0 = Debug|Any CPU
		{BFD023FC-DE71-424E-9EDE-572328FAD153}.Release|Any CPU.ActiveCfg = Release|Any CPU
		{BFD023FC-DE71-424E-9EDE-572328FAD153}.Release|Any CPU.Build.0 = Release|Any CPU
	EndGlobalSection
	GlobalSection(SolutionProperties) = preSolution
		HideSolutionNode = FALSE
	EndGlobalSection
	GlobalSection(ExtensibilityGlobals) = postSolution
		SolutionGuid = {DD5B872A-A881-4A4A-A2F8-05DAD5169E91}
	EndGlobalSection
EndGlobal
